
Microsoft Visual Studio Solution File, Format Version 12.00
# Visual Studio Version 16
VisualStudioVersion = 16.0.29920.165
MinimumVisualStudioVersion = 10.0.40219.1
Project("{FAE04EC0-301F-11D3-BF4B-00C04F79EFBC}") = "EmoplyeesApp", "EmoplyeesApp.csproj", "{F9BA4D73-66EB-48DD-8D4A-7C8EFB4FB044}"
EndProject
Global
	GlobalSection(SolutionConfigurationPlatforms) = preSolution
		Debug|Any CPU = Debug|Any CPU
		Release|Any CPU = Release|Any CPU
	EndGlobalSection
	GlobalSection(ProjectConfigurationPlatforms) = postSolution
		{F9BA4D73-66EB-48DD-8D4A-7C8EFB4FB044}.Debug|Any CPU.ActiveCfg = Debug|Any CPU
		{F9BA4D73-66EB-48DD-8D4A-7C8EFB4FB044}.Debug|Any CPU.Build.0 = Debug|Any CPU
		{F9BA4D73-66EB-48DD-8D4A-7C8EFB4FB044}.Release|Any CPU.ActiveCfg = Release|Any CPU
		{F9BA4D73-66EB-48DD-8D4A-7C8EFB4FB044}.Release|Any CPU.Build.0 = Release|Any CPU
	EndGlobalSection
	GlobalSection(SolutionProperties) = preSolution
		HideSolutionNode = FALSE
	EndGlobalSection
	GlobalSection(ExtensibilityGlobals) = postSolution
		SolutionGuid = {D61442E0-BCD9-43B3-92EE-74EB18967F38}
	EndGlobalSection
EndGlobal
